
Microsoft Visual Studio Solution File, Format Version 12.00
# Visual Studio Version 17
VisualStudioVersion = 17.4.33213.308
MinimumVisualStudioVersion = 10.0.40219.1
Project("{FAE04EC0-301F-11D3-BF4B-00C04F79EFBC}") = "BusRezervation", "BusRezervation\BusRezervation.csproj", "{C20A52D5-2269-4B4D-A267-A243F77FE8CA}"
EndProject
Global
	GlobalSection(SolutionConfigurationPlatforms) = preSolution
		Debug|Any CPU = Debug|Any CPU
		Release|Any CPU = Release|Any CPU
	EndGlobalSection
	GlobalSection(ProjectConfigurationPlatforms) = postSolution
		{C20A52D5-2269-4B4D-A267-A243F77FE8CA}.Debug|Any CPU.ActiveCfg = Debug|Any CPU
		{C20A52D5-2269-4B4D-A267-A243F77FE8CA}.Debug|Any CPU.Build.0 = Debug|Any CPU
		{C20A52D5-2269-4B4D-A267-A243F77FE8CA}.Release|Any CPU.ActiveCfg = Release|Any CPU
		{C20A52D5-2269-4B4D-A267-A243F77FE8CA}.Release|Any CPU.Build.0 = Release|Any CPU
	EndGlobalSection
	GlobalSection(SolutionProperties) = preSolution
		HideSolutionNode = FALSE
	EndGlobalSection
	GlobalSection(ExtensibilityGlobals) = postSolution
		SolutionGuid = {1D790C13-AAE4-4CA7-9E66-938F7DC21EA6}
	EndGlobalSection
EndGlobal
